
Microsoft Visual Studio Solution File, Format Version 12.00
# Visual Studio 15
VisualStudioVersion = 15.0.28307.1209
MinimumVisualStudioVersion = 10.0.40219.1
Project("{FAE04EC0-301F-11D3-BF4B-00C04F79EFBC}") = "Vitreo.Android", "Vitreo\Vitreo.Android\Vitreo.Android.csproj", "{4B8D2839-93DA-45BD-A601-B568C1C5C0CE}"
EndProject
Project("{FAE04EC0-301F-11D3-BF4B-00C04F79EFBC}") = "Vitreo.iOS", "Vitreo\Vitreo.iOS\Vitreo.iOS.csproj", "{DE3EB6A8-E2F8-40B4-AD85-7992BDBB2E0A}"
EndProject
Project("{FAE04EC0-301F-11D3-BF4B-00C04F79EFBC}") = "Vitreo", "Vitreo\Vitreo\Vitreo.csproj", "{C5CBA20D-1423-4F7F-8403-4C0FD7BED626}"
EndProject
Global
	GlobalSection(SolutionConfigurationPlatforms) = preSolution
		Ad-Hoc|Any CPU = Ad-Hoc|Any CPU
		Ad-Hoc|iPhone = Ad-Hoc|iPhone
		Ad-Hoc|iPhoneSimulator = Ad-Hoc|iPhoneSimulator
		AppStore|Any CPU = AppStore|Any CPU
		AppStore|iPhone = AppStore|iPhone
		AppStore|iPhoneSimulator = AppStore|iPhoneSimulator
		Debug|Any CPU = Debug|Any CPU
		Debug|iPhone = Debug|iPhone
		Debug|iPhoneSimulator = Debug|iPhoneSimulator
		Release|Any CPU = Release|Any CPU
		Release|iPhone = Release|iPhone
		Release|iPhoneSimulator = Release|iPhoneSimulator
	EndGlobalSection
	GlobalSection(ProjectConfigurationPlatforms) = postSolution
		{4B8D2839-93DA-45BD-A601-B568C1C5C0CE}.Ad-Hoc|Any CPU.ActiveCfg = Release|Any CPU
		{4B8D2839-93DA-45BD-A601-B568C1C5C0CE}.Ad-Hoc|Any CPU.Build.0 = Release|Any CPU
		{4B8D2839-93DA-45BD-A601-B568C1C5C0CE}.Ad-Hoc|Any CPU.Deploy.0 = Release|Any CPU
		{4B8D2839-93DA-45BD-A601-B568C1C5C0CE}.Ad-Hoc|iPhone.ActiveCfg = Release|Any CPU
		{4B8D2839-93DA-45BD-A601-B568C1C5C0CE}.Ad-Hoc|iPhone.Build.0 = Release|Any CPU
		{4B8D2839-93DA-45BD-A601-B568C1C5C0CE}.Ad-Hoc|iPhone.Deploy.0 = Release|Any CPU
		{4B8D2839-93DA-45BD-A601-B568C1C5C0CE}.Ad-Hoc|iPhoneSimulator.ActiveCfg = Release|Any CPU
		{4B8D2839-93DA-45BD-A601-B568C1C5C0CE}.Ad-Hoc|iPhoneSimulator.Build.0 = Release|Any CPU
		{4B8D2839-93DA-45BD-A601-B568C1C5C0CE}.Ad-Hoc|iPhoneSimulator.Deploy.0 = Release|Any CPU
		{4B8D2839-93DA-45BD-A601-B568C1C5C0CE}.AppStore|Any CPU.ActiveCfg = Release|Any CPU
		{4B8D2839-93DA-45BD-A601-B568C1C5C0CE}.AppStore|Any CPU.Build.0 = Release|Any CPU
		{4B8D2839-93DA-45BD-A601-B568C1C5C0CE}.AppStore|Any CPU.Deploy.0 = Release|Any CPU
		{4B8D2839-93DA-45BD-A601-B568C1C5C0CE}.AppStore|iPhone.ActiveCfg = Release|Any CPU
		{4B8D2839-93DA-45BD-A601-B568C1C5C0CE}.AppStore|iPhone.Build.0 = Release|Any CPU
		{4B8D2839-93DA-45BD-A601-B568C1C5C0CE}.AppStore|iPhone.Deploy.0 = Release|Any CPU
		{4B8D2839-93DA-45BD-A601-B568C1C5C0CE}.AppStore|iPhoneSimulator.ActiveCfg = Release|Any CPU
		{4B8D2839-93DA-45BD-A601-B568C1C5C0CE}.AppStore|iPhoneSimulator.Build.0 = Release|Any CPU
		{4B8D2839-93DA-45BD-A601-B568C1C5C0CE}.AppStore|iPhoneSimulator.Deploy.0 = Release|Any CPU
		{4B8D2839-93DA-45BD-A601-B568C1C5C0CE}.Debug|Any CPU.ActiveCfg = Debug|Any CPU
		{4B8D2839-93DA-45BD-A601-B568C1C5C0CE}.Debug|Any CPU.Build.0 = Debug|Any CPU
		{4B8D2839-93DA-45BD-A601-B568C1C5C0CE}.Debug|Any CPU.Deploy.0 = Debug|Any CPU
		{4B8D2839-93DA-45BD-A601-B568C1C5C0CE}.Debug|iPhone.ActiveCfg = Debug|Any CPU
		{4B8D2839-93DA-45BD-A601-B568C1C5C0CE}.Debug|iPhone.Build.0 = Debug|Any CPU
		{4B8D2839-93DA-45BD-A601-B568C1C5C0CE}.Debug|iPhone.Deploy.0 = Debug|Any CPU
		{4B8D2839-93DA-45BD-A601-B568C1C5C0CE}.Debug|iPhoneSimulator.ActiveCfg = Debug|Any CPU
		{4B8D2839-93DA-45BD-A601-B568C1C5C0CE}.Debug|iPhoneSimulator.Build.0 = Debug|Any CPU
		{4B8D2839-93DA-45BD-A601-B568C1C5C0CE}.Debug|iPhoneSimulator.Deploy.0 = Debug|Any CPU
		{4B8D2839-93DA-45BD-A601-B568C1C5C0CE}.Release|Any CPU.ActiveCfg = Release|Any CPU
		{4B8D2839-93DA-45BD-A601-B568C1C5C0CE}.Release|Any CPU.Build.0 = Release|Any CPU
		{4B8D2839-93DA-45BD-A601-B568C1C5C0CE}.Release|Any CPU.Deploy.0 = Release|Any CPU
		{4B8D2839-93DA-45BD-A601-B568C1C5C0CE}.Release|iPhone.ActiveCfg = Release|Any CPU
		{4B8D2839-93DA-45BD-A601-B568C1C5C0CE}.Release|iPhone.Build.0 = Release|Any CPU
		{4B8D2839-93DA-45BD-A601-B568C1C5C0CE}.Release|iPhone.Deploy.0 = Release|Any CPU
		{4B8D2839-93DA-45BD-A601-B568C1C5C0CE}.Release|iPhoneSimulator.ActiveCfg = Release|Any CPU
		{4B8D2839-93DA-45BD-A601-B568C1C5C0CE}.Release|iPhoneSimulator.Build.0 = Release|Any CPU
		{4B8D2839-93DA-45BD-A601-B568C1C5C0CE}.Release|iPhoneSimulator.Deploy.0 = Release|Any CPU
		{DE3EB6A8-E2F8-40B4-AD85-7992BDBB2E0A}.Ad-Hoc|Any CPU.ActiveCfg = Ad-Hoc|iPhone
		{DE3EB6A8-E2F8-40B4-AD85-7992BDBB2E0A}.Ad-Hoc|Any CPU.Build.0 = Ad-Hoc|iPhone
		{DE3EB6A8-E2F8-40B4-AD85-7992BDBB2E0A}.Ad-Hoc|Any CPU.Deploy.0 = Ad-Hoc|iPhone
		{DE3EB6A8-E2F8-40B4-AD85-7992BDBB2E0A}.Ad-Hoc|iPhone.ActiveCfg = Ad-Hoc|iPhone
		{DE3EB6A8-E2F8-40B4-AD85-7992BDBB2E0A}.Ad-Hoc|iPhone.Build.0 = Ad-Hoc|iPhone
		{DE3EB6A8-E2F8-40B4-AD85-7992BDBB2E0A}.Ad-Hoc|iPhone.Deploy.0 = Ad-Hoc|iPhone
		{DE3EB6A8-E2F8-40B4-AD85-7992BDBB2E0A}.Ad-Hoc|iPhoneSimulator.ActiveCfg = Ad-Hoc|iPhoneSimulator
		{DE3EB6A8-E2F8-40B4-AD85-7992BDBB2E0A}.Ad-Hoc|iPhoneSimulator.Build.0 = Ad-Hoc|iPhoneSimulator
		{DE3EB6A8-E2F8-40B4-AD85-7992BDBB2E0A}.Ad-Hoc|iPhoneSimulator.Deploy.0 = Ad-Hoc|iPhoneSimulator
		{DE3EB6A8-E2F8-40B4-AD85-7992BDBB2E0A}.AppStore|Any CPU.ActiveCfg = AppStore|iPhone
		{DE3EB6A8-E2F8-40B4-AD85-7992BDBB2E0A}.AppStore|Any CPU.Build.0 = AppStore|iPhone
		{DE3EB6A8-E2F8-40B4-AD85-7992BDBB2E0A}.AppStore|Any CPU.Deploy.0 = AppStore|iPhone
		{DE3EB6A8-E2F8-40B4-AD85-7992BDBB2E0A}.AppStore|iPhone.ActiveCfg = AppStore|iPhone
		{DE3EB6A8-E2F8-40B4-AD85-7992BDBB2E0A}.AppStore|iPhone.Build.0 = AppStore|iPhone
		{DE3EB6A8-E2F8-40B4-AD85-7992BDBB2E0A}.AppStore|iPhone.Deploy.0 = AppStore|iPhone
		{DE3EB6A8-E2F8-40B4-AD85-7992BDBB2E0A}.AppStore|iPhoneSimulator.ActiveCfg = AppStore|iPhoneSimulator
		{DE3EB6A8-E2F8-40B4-AD85-7992BDBB2E0A}.AppStore|iPhoneSimulator.Build.0 = AppStore|iPhoneSimulator
		{DE3EB6A8-E2F8-40B4-AD85-7992BDBB2E0A}.AppStore|iPhoneSimulator.Deploy.0 = AppStore|iPhoneSimulator
		{DE3EB6A8-E2F8-40B4-AD85-7992BDBB2E0A}.Debug|Any CPU.ActiveCfg = Debug|iPhoneSimulator
		{DE3EB6A8-E2F8-40B4-AD85-7992BDBB2E0A}.Debug|Any CPU.Build.0 = Debug|iPhoneSimulator
		{DE3EB6A8-E2F8-40B4-AD85-7992BDBB2E0A}.Debug|Any CPU.Deploy.0 = Debug|iPhoneSimulator
		{DE3EB6A8-E2F8-40B4-AD85-7992BDBB2E0A}.Debug|iPhone.ActiveCfg = Debug|iPhone
		{DE3EB6A8-E2F8-40B4-AD85-7992BDBB2E0A}.Debug|iPhone.Build.0 = Debug|iPhone
		{DE3EB6A8-E2F8-40B4-AD85-7992BDBB2E0A}.Debug|iPhone.Deploy.0 = Debug|iPhone
		{DE3EB6A8-E2F8-40B4-AD85-7992BDBB2E0A}.Debug|iPhoneSimulator.ActiveCfg = Debug|iPhoneSimulator
		{DE3EB6A8-E2F8-40B4-AD85-7992BDBB2E0A}.Debug|iPhoneSimulator.Build.0 = Debug|iPhoneSimulator
		{DE3EB6A8-E2F8-40B4-AD85-7992BDBB2E0A}.Debug|iPhoneSimulator.Deploy.0 = Debug|iPhoneSimulator
		{DE3EB6A8-E2F8-40B4-AD85-7992BDBB2E0A}.Release|Any CPU.ActiveCfg = Release|iPhone
		{DE3EB6A8-E2F8-40B4-AD85-7992BDBB2E0A}.Release|Any CPU.Build.0 = Release|iPhone
		{DE3EB6A8-E2F8-40B4-AD85-7992BDBB2E0A}.Release|Any CPU.Deploy.0 = Release|iPhone
		{DE3EB6A8-E2F8-40B4-AD85-7992BDBB2E0A}.Release|iPhone.ActiveCfg = Release|iPhone
		{DE3EB6A8-E2F8-40B4-AD85-7992BDBB2E0A}.Release|iPhone.Build.0 = Release|iPhone
		{DE3EB6A8-E2F8-40B4-AD85-7992BDBB2E0A}.Release|iPhone.Deploy.0 = Release|iPhone
		{DE3EB6A8-E2F8-40B4-AD85-7992BDBB2E0A}.Release|iPhoneSimulator.ActiveCfg = Release|iPhoneSimulator
		{DE3EB6A8-E2F8-40B4-AD85-7992BDBB2E0A}.Release|iPhoneSimulator.Build.0 = Release|iPhoneSimulator
		{DE3EB6A8-E2F8-40B4-AD85-7992BDBB2E0A}.Release|iPhoneSimulator.Deploy.0 = Release|iPhoneSimulator
		{C5CBA20D-1423-4F7F-8403-4C0FD7BED626}.Ad-Hoc|Any CPU.ActiveCfg = Debug|Any CPU
		{C5CBA20D-1423-4F7F-8403-4C0FD7BED626}.Ad-Hoc|Any CPU.Build.0 = Debug|Any CPU
		{C5CBA20D-1423-4F7F-8403-4C0FD7BED626}.Ad-Hoc|Any CPU.Deploy.0 = Debug|Any CPU
		{C5CBA20D-1423-4F7F-8403-4C0FD7BED626}.Ad-Hoc|iPhone.ActiveCfg = Debug|Any CPU
		{C5CBA20D-1423-4F7F-8403-4C0FD7BED626}.Ad-Hoc|iPhone.Build.0 = Debug|Any CPU
		{C5CBA20D-1423-4F7F-8403-4C0FD7BED626}.Ad-Hoc|iPhone.Deploy.0 = Debug|Any CPU
		{C5CBA20D-1423-4F7F-8403-4C0FD7BED626}.Ad-Hoc|iPhoneSimulator.ActiveCfg = Debug|Any CPU
		{C5CBA20D-1423-4F7F-8403-4C0FD7BED626}.Ad-Hoc|iPhoneSimulator.Build.0 = Debug|Any CPU
		{C5CBA20D-1423-4F7F-8403-4C0FD7BED626}.Ad-Hoc|iPhoneSimulator.Deploy.0 = Debug|Any CPU
		{C5CBA20D-1423-4F7F-8403-4C0FD7BED626}.AppStore|Any CPU.ActiveCfg = Debug|Any CPU
		{C5CBA20D-1423-4F7F-8403-4C0FD7BED626}.AppStore|Any CPU.Build.0 = Debug|Any CPU
		{C5CBA20D-1423-4F7F-8403-4C0FD7BED626}.AppStore|Any CPU.Deploy.0 = Debug|Any CPU
		{C5CBA20D-1423-4F7F-8403-4C0FD7BED626}.AppStore|iPhone.ActiveCfg = Debug|Any CPU
		{C5CBA20D-1423-4F7F-8403-4C0FD7BED626}.AppStore|iPhone.Build.0 = Debug|Any CPU
		{C5CBA20D-1423-4F7F-8403-4C0FD7BED626}.AppStore|iPhone.Deploy.0 = Debug|Any CPU
		{C5CBA20D-1423-4F7F-8403-4C0FD7BED626}.AppStore|iPhoneSimulator.ActiveCfg = Debug|Any CPU
		{C5CBA20D-1423-4F7F-8403-4C0FD7BED626}.AppStore|iPhoneSimulator.Build.0 = Debug|Any CPU
		{C5CBA20D-1423-4F7F-8403-4C0FD7BED626}.AppStore|iPhoneSimulator.Deploy.0 = Debug|Any CPU
		{C5CBA20D-1423-4F7F-8403-4C0FD7BED626}.Debug|Any CPU.ActiveCfg = Debug|Any CPU
		{C5CBA20D-1423-4F7F-8403-4C0FD7BED626}.Debug|Any CPU.Build.0 = Debug|Any CPU
		{C5CBA20D-1423-4F7F-8403-4C0FD7BED626}.Debug|Any CPU.Deploy.0 = Debug|Any CPU
		{C5CBA20D-1423-4F7F-8403-4C0FD7BED626}.Debug|iPhone.ActiveCfg = Debug|Any CPU
		{C5CBA20D-1423-4F7F-8403-4C0FD7BED626}.Debug|iPhone.Build.0 = Debug|Any CPU
		{C5CBA20D-1423-4F7F-8403-4C0FD7BED626}.Debug|iPhone.Deploy.0 = Debug|Any CPU
		{C5CBA20D-1423-4F7F-8403-4C0FD7BED626}.Debug|iPhoneSimulator.ActiveCfg = Debug|Any CPU
		{C5CBA20D-1423-4F7F-8403-4C0FD7BED626}.Debug|iPhoneSimulator.Build.0 = Debug|Any CPU
		{C5CBA20D-1423-4F7F-8403-4C0FD7BED626}.Debug|iPhoneSimulator.Deploy.0 = Debug|Any CPU
		{C5CBA20D-1423-4F7F-8403-4C0FD7BED626}.Release|Any CPU.ActiveCfg = Release|Any CPU
		{C5CBA20D-1423-4F7F-8403-4C0FD7BED626}.Release|Any CPU.Build.0 = Release|Any CPU
		{C5CBA20D-1423-4F7F-8403-4C0FD7BED626}.Release|Any CPU.Deploy.0 = Release|Any CPU
		{C5CBA20D-1423-4F7F-8403-4C0FD7BED626}.Release|iPhone.ActiveCfg = Release|Any CPU
		{C5CBA20D-1423-4F7F-8403-4C0FD7BED626}.Release|iPhone.Build.0 = Release|Any CPU
		{C5CBA20D-1423-4F7F-8403-4C0FD7BED626}.Release|iPhone.Deploy.0 = Release|Any CPU
		{C5CBA20D-1423-4F7F-8403-4C0FD7BED626}.Release|iPhoneSimulator.ActiveCfg = Release|Any CPU
		{C5CBA20D-1423-4F7F-8403-4C0FD7BED626}.Release|iPhoneSimulator.Build.0 = Release|Any CPU
		{C5CBA20D-1423-4F7F-8403-4C0FD7BED626}.Release|iPhoneSimulator.Deploy.0 = Release|Any CPU
	EndGlobalSection
	GlobalSection(SolutionProperties) = preSolution
		HideSolutionNode = FALSE
	EndGlobalSection
	GlobalSection(ExtensibilityGlobals) = postSolution
		SolutionGuid = {D0314D9A-D0E5-4E1B-A68B-45B1B9FE5AE3}
	EndGlobalSection
EndGlobal
